// !$*UTF8*$!
{
	archiveVersion = 1;
	classes = {
	};
	objectVersion = 46;
	objects = {

/* Begin PBXBuildFile section */
		B5F523231CDE0114004E5336 /* Storage.swift in Sources */ = {isa = PBXBuildFile; fileRef = B5F523221CDE0114004E5336 /* Storage.swift */; };
		B5F523251CDE2D4D004E5336 /* DialogHelper+MultiActionAlert.swift in Sources */ = {isa = PBXBuildFile; fileRef = B5F523241CDE2D4D004E5336 /* DialogHelper+MultiActionAlert.swift */; };
		B5F523501CDE9102004E5336 /* ReceipeCell.swift in Sources */ = {isa = PBXBuildFile; fileRef = B5F5234F1CDE9102004E5336 /* ReceipeCell.swift */; };
		B5F523521CDF3A99004E5336 /* WebViewController.swift in Sources */ = {isa = PBXBuildFile; fileRef = B5F523511CDF3A99004E5336 /* WebViewController.swift */; };
		B5FDBD721CDD2E94005BFCEC /* AppDelegate.swift in Sources */ = {isa = PBXBuildFile; fileRef = B5FDBD711CDD2E94005BFCEC /* AppDelegate.swift */; };
		B5FDBD751CDD2E94005BFCEC /* ReceipeBrowser.xcdatamodeld in Sources */ = {isa = PBXBuildFile; fileRef = B5FDBD731CDD2E94005BFCEC /* ReceipeBrowser.xcdatamodeld */; };
		B5FDBD771CDD2E94005BFCEC /* MasterViewController.swift in Sources */ = {isa = PBXBuildFile; fileRef = B5FDBD761CDD2E94005BFCEC /* MasterViewController.swift */; };
		B5FDBD791CDD2E94005BFCEC /* DetailViewController.swift in Sources */ = {isa = PBXBuildFile; fileRef = B5FDBD781CDD2E94005BFCEC /* DetailViewController.swift */; };
		B5FDBD7C1CDD2E94005BFCEC /* Main.storyboard in Resources */ = {isa = PBXBuildFile; fileRef = B5FDBD7A1CDD2E94005BFCEC /* Main.storyboard */; };
		B5FDBD7E1CDD2E94005BFCEC /* Assets.xcassets in Resources */ = {isa = PBXBuildFile; fileRef = B5FDBD7D1CDD2E94005BFCEC /* Assets.xcassets */; };
		B5FDBD811CDD2E94005BFCEC /* LaunchScreen.storyboard in Resources */ = {isa = PBXBuildFile; fileRef = B5FDBD7F1CDD2E94005BFCEC /* LaunchScreen.storyboard */; };
		B5FDBD891CDD4293005BFCEC /* APIController.swift in Sources */ = {isa = PBXBuildFile; fileRef = B5FDBD881CDD4293005BFCEC /* APIController.swift */; };
		B5FDBD8D1CDD520D005BFCEC /* Receipe+TempReceipe.swift in Sources */ = {isa = PBXBuildFile; fileRef = B5FDBD8C1CDD520D005BFCEC /* Receipe+TempReceipe.swift */; };
/* End PBXBuildFile section */

/* Begin PBXFileReference section */
		B5F523221CDE0114004E5336 /* Storage.swift */ = {isa = PBXFileReference; fileEncoding = 4; lastKnownFileType = sourcecode.swift; path = Storage.swift; sourceTree = "<group>"; };
		B5F523241CDE2D4D004E5336 /* DialogHelper+MultiActionAlert.swift */ = {isa = PBXFileReference; fileEncoding = 4; lastKnownFileType = sourcecode.swift; path = "DialogHelper+MultiActionAlert.swift"; sourceTree = "<group>"; };
		B5F5234F1CDE9102004E5336 /* ReceipeCell.swift */ = {isa = PBXFileReference; fileEncoding = 4; lastKnownFileType = sourcecode.swift; path = ReceipeCell.swift; sourceTree = "<group>"; };
		B5F523511CDF3A99004E5336 /* WebViewController.swift */ = {isa = PBXFileReference; fileEncoding = 4; lastKnownFileType = sourcecode.swift; path = WebViewController.swift; sourceTree = "<group>"; };
		B5FDBD6E1CDD2E94005BFCEC /* ReceipeBrowser.app */ = {isa = PBXFileReference; explicitFileType = wrapper.application; includeInIndex = 0; path = ReceipeBrowser.app; sourceTree = BUILT_PRODUCTS_DIR; };
		B5FDBD711CDD2E94005BFCEC /* AppDelegate.swift */ = {isa = PBXFileReference; lastKnownFileType = sourcecode.swift; path = AppDelegate.swift; sourceTree = "<group>"; };
		B5FDBD741CDD2E94005BFCEC /* ReceipeBrowser.xcdatamodel */ = {isa = PBXFileReference; lastKnownFileType = wrapper.xcdatamodel; path = ReceipeBrowser.xcdatamodel; sourceTree = "<group>"; };
		B5FDBD761CDD2E94005BFCEC /* MasterViewController.swift */ = {isa = PBXFileReference; lastKnownFileType = sourcecode.swift; path = MasterViewController.swift; sourceTree = "<group>"; };
		B5FDBD781CDD2E94005BFCEC /* DetailViewController.swift */ = {isa = PBXFileReference; lastKnownFileType = sourcecode.swift; path = DetailViewController.swift; sourceTree = "<group>"; };
		B5FDBD7B1CDD2E94005BFCEC /* Base */ = {isa = PBXFileReference; lastKnownFileType = file.storyboard; name = Base; path = Base.lproj/Main.storyboard; sourceTree = "<group>"; };
		B5FDBD7D1CDD2E94005BFCEC /* Assets.xcassets */ = {isa = PBXFileReference; lastKnownFileType = folder.assetcatalog; path = Assets.xcassets; sourceTree = "<group>"; };
		B5FDBD801CDD2E94005BFCEC /* Base */ = {isa = PBXFileReference; lastKnownFileType = file.storyboard; name = Base; path = Base.lproj/LaunchScreen.storyboard; sourceTree = "<group>"; };
		B5FDBD821CDD2E94005BFCEC /* Info.plist */ = {isa = PBXFileReference; lastKnownFileType = text.plist.xml; path = Info.plist; sourceTree = "<group>"; };
		B5FDBD881CDD4293005BFCEC /* APIController.swift */ = {isa = PBXFileReference; fileEncoding = 4; lastKnownFileType = sourcecode.swift; path = APIController.swift; sourceTree = "<group>"; };
		B5FDBD8C1CDD520D005BFCEC /* Receipe+TempReceipe.swift */ = {isa = PBXFileReference; fileEncoding = 4; lastKnownFileType = sourcecode.swift; path = "Receipe+TempReceipe.swift"; sourceTree = "<group>"; };
/* End PBXFileReference section */

/* Begin PBXFrameworksBuildPhase section */
		B5FDBD6B1CDD2E94005BFCEC /* Frameworks */ = {
			isa = PBXFrameworksBuildPhase;
			buildActionMask = 2147483647;
			files = (
			);
			runOnlyForDeploymentPostprocessing = 0;
		};
/* End PBXFrameworksBuildPhase section */

/* Begin PBXGroup section */
		B5FDBD651CDD2E94005BFCEC = {
			isa = PBXGroup;
			children = (
				B5FDBD701CDD2E94005BFCEC /* ReceipeBrowser */,
				B5FDBD6F1CDD2E94005BFCEC /* Products */,
			);
			sourceTree = "<group>";
		};
		B5FDBD6F1CDD2E94005BFCEC /* Products */ = {
			isa = PBXGroup;
			children = (
				B5FDBD6E1CDD2E94005BFCEC /* ReceipeBrowser.app */,
			);
			name = Products;
			sourceTree = "<group>";
		};
		B5FDBD701CDD2E94005BFCEC /* ReceipeBrowser */ = {
			isa = PBXGroup;
			children = (
				B5FDBD711CDD2E94005BFCEC /* AppDelegate.swift */,
				B5FDBD761CDD2E94005BFCEC /* MasterViewController.swift */,
				B5FDBD781CDD2E94005BFCEC /* DetailViewController.swift */,
				B5F523511CDF3A99004E5336 /* WebViewController.swift */,
				B5FDBD881CDD4293005BFCEC /* APIController.swift */,
				B5FDBD8C1CDD520D005BFCEC /* Receipe+TempReceipe.swift */,
				B5F523221CDE0114004E5336 /* Storage.swift */,
				B5F523241CDE2D4D004E5336 /* DialogHelper+MultiActionAlert.swift */,
				B5F5234F1CDE9102004E5336 /* ReceipeCell.swift */,
				B5FDBD7A1CDD2E94005BFCEC /* Main.storyboard */,
				B5FDBD7D1CDD2E94005BFCEC /* Assets.xcassets */,
				B5FDBD7F1CDD2E94005BFCEC /* LaunchScreen.storyboard */,
				B5FDBD821CDD2E94005BFCEC /* Info.plist */,
				B5FDBD731CDD2E94005BFCEC /* ReceipeBrowser.xcdatamodeld */,
			);
			path = ReceipeBrowser;
			sourceTree = "<group>";
		};
/* End PBXGroup section */

/* Begin PBXNativeTarget section */
		B5FDBD6D1CDD2E94005BFCEC /* ReceipeBrowser */ = {
			isa = PBXNativeTarget;
			buildConfigurationList = B5FDBD851CDD2E94005BFCEC /* Build configuration list for PBXNativeTarget "ReceipeBrowser" */;
			buildPhases = (
				B5FDBD6A1CDD2E94005BFCEC /* Sources */,
				B5FDBD6B1CDD2E94005BFCEC /* Frameworks */,
				B5FDBD6C1CDD2E94005BFCEC /* Resources */,
			);
			buildRules = (
			);
			dependencies = (
			);
			name = ReceipeBrowser;
			productName = ReceipeBrowser;
			productReference = B5FDBD6E1CDD2E94005BFCEC /* ReceipeBrowser.app */;
			productType = "com.apple.product-type.application";
		};
/* End PBXNativeTarget section */

/* Begin PBXProject section */
		B5FDBD661CDD2E94005BFCEC /* Project object */ = {
			isa = PBXProject;
			attributes = {
				LastSwiftUpdateCheck = 0730;
				LastUpgradeCheck = 0730;
				ORGANIZATIONNAME = Andrii;
				TargetAttributes = {
					B5FDBD6D1CDD2E94005BFCEC = {
						CreatedOnToolsVersion = 7.3;
					};
				};
			};
			buildConfigurationList = B5FDBD691CDD2E94005BFCEC /* Build configuration list for PBXProject "ReceipeBrowser" */;
			compatibilityVersion = "Xcode 3.2";
			developmentRegion = English;
			hasScannedForEncodings = 0;
			knownRegions = (
				en,
				Base,
			);
			mainGroup = B5FDBD651CDD2E94005BFCEC;
			productRefGroup = B5FDBD6F1CDD2E94005BFCEC /* Products */;
			projectDirPath = "";
			projectRoot = "";
			targets = (
				B5FDBD6D1CDD2E94005BFCEC /* ReceipeBrowser */,
			);
		};
/* End PBXProject section */

/* Begin PBXResourcesBuildPhase section */
		B5FDBD6C1CDD2E94005BFCEC /* Resources */ = {
			isa = PBXResourcesBuildPhase;
			buildActionMask = 2147483647;
			files = (
				B5FDBD811CDD2E94005BFCEC /* LaunchScreen.storyboard in Resources */,
				B5FDBD7E1CDD2E94005BFCEC /* Assets.xcassets in Resources */,
				B5FDBD7C1CDD2E94005BFCEC /* Main.storyboard in Resources */,
			);
			runOnlyForDeploymentPostprocessing = 0;
		};
/* End PBXResourcesBuildPhase section */

/* Begin PBXSourcesBuildPhase section */
		B5FDBD6A1CDD2E94005BFCEC /* Sources */ = {
			isa = PBXSourcesBuildPhase;
			buildActionMask = 2147483647;
			files = (
				B5FDBD751CDD2E94005BFCEC /* ReceipeBrowser.xcdatamodeld in Sources */,
				B5FDBD721CDD2E94005BFCEC /* AppDelegate.swift in Sources */,
				B5F523231CDE0114004E5336 /* Storage.swift in Sources */,
				B5FDBD771CDD2E94005BFCEC /* MasterViewController.swift in Sources */,
				B5FDBD791CDD2E94005BFCEC /* DetailViewController.swift in Sources */,
				B5F523521CDF3A99004E5336 /* WebViewController.swift in Sources */,
				B5F523251CDE2D4D004E5336 /* DialogHelper+MultiActionAlert.swift in Sources */,
				B5F523501CDE9102004E5336 /* ReceipeCell.swift in Sources */,
				B5FDBD891CDD4293005BFCEC /* APIController.swift in Sources */,
				B5FDBD8D1CDD520D005BFCEC /* Receipe+TempReceipe.swift in Sources */,
			);
			runOnlyForDeploymentPostprocessing = 0;
		};
/* End PBXSourcesBuildPhase section */

/* Begin PBXVariantGroup section */
		B5FDBD7A1CDD2E94005BFCEC /* Main.storyboard */ = {
			isa = PBXVariantGroup;
			children = (
				B5FDBD7B1CDD2E94005BFCEC /* Base */,
			);
			name = Main.storyboard;
			sourceTree = "<group>";
		};
		B5FDBD7F1CDD2E94005BFCEC /* LaunchScreen.storyboard */ = {
			isa = PBXVariantGroup;
			children = (
				B5FDBD801CDD2E94005BFCEC /* Base */,
			);
			name = LaunchScreen.storyboard;
			sourceTree = "<group>";
		};
/* End PBXVariantGroup section */

/* Begin XCBuildConfiguration section */
		B5FDBD831CDD2E94005BFCEC /* Debug */ = {
			isa = XCBuildConfiguration;
			buildSettings = {
				ALWAYS_SEARCH_USER_PATHS = NO;
				CLANG_ANALYZER_NONNULL = YES;
				CLANG_CXX_LANGUAGE_STANDARD = "gnu++0x";
				CLANG_CXX_LIBRARY = "libc++";
				CLANG_ENABLE_MODULES = YES;
				CLANG_ENABLE_OBJC_ARC = YES;
				CLANG_WARN_BOOL_CONVERSION = YES;
				CLANG_WARN_CONSTANT_CONVERSION = YES;
				CLANG_WARN_DIRECT_OBJC_ISA_USAGE = YES_ERROR;
				CLANG_WARN_EMPTY_BODY = YES;
				CLANG_WARN_ENUM_CONVERSION = YES;
				CLANG_WARN_INT_CONVERSION = YES;
				CLANG_WARN_OBJC_ROOT_CLASS = YES_ERROR;
				CLANG_WARN_UNREACHABLE_CODE = YES;
				CLANG_WARN__DUPLICATE_METHOD_MATCH = YES;
				"CODE_SIGN_IDENTITY[sdk=iphoneos*]" = "iPhone Developer";
				COPY_PHASE_STRIP = NO;
				DEBUG_INFORMATION_FORMAT = dwarf;
				ENABLE_STRICT_OBJC_MSGSEND = YES;
				ENABLE_TESTABILITY = YES;
				GCC_C_LANGUAGE_STANDARD = gnu99;
				GCC_DYNAMIC_NO_PIC = NO;
				GCC_NO_COMMON_BLOCKS = YES;
				GCC_OPTIMIZATION_LEVEL = 0;
				GCC_PREPROCESSOR_DEFINITIONS = (
					"DEBUG=1",
					"$(inherited)",
				);
				GCC_WARN_64_TO_32_BIT_CONVERSION = YES;
				GCC_WARN_ABOUT_RETURN_TYPE = YES_ERROR;
				GCC_WARN_UNDECLARED_SELECTOR = YES;
				GCC_WARN_UNINITIALIZED_AUTOS = YES_AGGRESSIVE;
				GCC_WARN_UNUSED_FUNCTION = YES;
				GCC_WARN_UNUSED_VARIABLE = YES;
				IPHONEOS_DEPLOYMENT_TARGET = 9.3;
				MTL_ENABLE_DEBUG_INFO = YES;
				ONLY_ACTIVE_ARCH = YES;
				SDKROOT = iphoneos;
				SWIFT_OPTIMIZATION_LEVEL = "-Onone";
			};
			name = Debug;
		};
		B5FDBD841CDD2E94005BFCEC /* Release */ = {
			isa = XCBuildConfiguration;
			buildSettings = {
				ALWAYS_SEARCH_USER_PATHS = NO;
				CLANG_ANALYZER_NONNULL = YES;
				CLANG_CXX_LANGUAGE_STANDARD = "gnu++0x";
				CLANG_CXX_LIBRARY = "libc++";
				CLANG_ENABLE_MODULES = YES;
				CLANG_ENABLE_OBJC_ARC = YES;
				CLANG_WARN_BOOL_CONVERSION = YES;
				CLANG_WARN_CONSTANT_CONVERSION = YES;
				CLANG_WARN_DIRECT_OBJC_ISA_USAGE = YES_ERROR;
				CLANG_WARN_EMPTY_BODY = YES;
				CLANG_WARN_ENUM_CONVERSION = YES;
				CLANG_WARN_INT_CONVERSION = YES;
				CLANG_WARN_OBJC_ROOT_CLASS = YES_ERROR;
				CLANG_WARN_UNREACHABLE_CODE = YES;
				CLANG_WARN__DUPLICATE_METHOD_MATCH = YES;
				"CODE_SIGN_IDENTITY[sdk=iphoneos*]" = "iPhone Developer";
				COPY_PHASE_STRIP = NO;
				DEBUG_INFORMATION_FORMAT = "dwarf-with-dsym";
				ENABLE_NS_ASSERTIONS = NO;
				ENABLE_STRICT_OBJC_MSGSEND = YES;
				GCC_C_LANGUAGE_STANDARD = gnu99;
				GCC_NO_COMMON_BLOCKS = YES;
				GCC_WARN_64_TO_32_BIT_CONVERSION = YES;
				GCC_WARN_ABOUT_RETURN_TYPE = YES_ERROR;
				GCC_WARN_UNDECLARED_SELECTOR = YES;
				GCC_WARN_UNINITIALIZED_AUTOS = YES_AGGRESSIVE;
				GCC_WARN_UNUSED_FUNCTION = YES;
				GCC_WARN_UNUSED_VARIABLE = YES;
				IPHONEOS_DEPLOYMENT_TARGET = 9.3;
				MTL_ENABLE_DEBUG_INFO = NO;
				SDKROOT = iphoneos;
				VALIDATE_PRODUCT = YES;
			};
			name = Release;
		};
		B5FDBD861CDD2E94005BFCEC /* Debug */ = {
			isa = XCBuildConfiguration;
			buildSettings = {
				ASSETCATALOG_COMPILER_APPICON_NAME = AppIcon;
				INFOPLIST_FILE = ReceipeBrowser/Info.plist;
				LD_RUNPATH_SEARCH_PATHS = "$(inherited) @executable_path/Frameworks";
				PRODUCT_BUNDLE_IDENTIFIER = iGy.com.ReceipeBrowser;
				PRODUCT_NAME = "$(TARGET_NAME)";
				TARGETED_DEVICE_FAMILY = "1,2";
			};
			name = Debug;
		};
		B5FDBD871CDD2E94005BFCEC /* Release */ = {
			isa = XCBuildConfiguration;
			buildSettings = {
				ASSETCATALOG_COMPILER_APPICON_NAME = AppIcon;
				INFOPLIST_FILE = ReceipeBrowser/Info.plist;
				LD_RUNPATH_SEARCH_PATHS = "$(inherited) @executable_path/Frameworks";
				PRODUCT_BUNDLE_IDENTIFIER = iGy.com.ReceipeBrowser;
				PRODUCT_NAME = "$(TARGET_NAME)";
				TARGETED_DEVICE_FAMILY = "1,2";
			};
			name = Release;
		};
/* End XCBuildConfiguration section */

/* Begin XCConfigurationList section */
		B5FDBD691CDD2E94005BFCEC /* Build configuration list for PBXProject "ReceipeBrowser" */ = {
			isa = XCConfigurationList;
			buildConfigurations = (
				B5FDBD831CDD2E94005BFCEC /* Debug */,
				B5FDBD841CDD2E94005BFCEC /* Release */,
			);
			defaultConfigurationIsVisible = 0;
			defaultConfigurationName = Release;
		};
		B5FDBD851CDD2E94005BFCEC /* Build configuration list for PBXNativeTarget "ReceipeBrowser" */ = {
			isa = XCConfigurationList;
			buildConfigurations = (
				B5FDBD861CDD2E94005BFCEC /* Debug */,
				B5FDBD871CDD2E94005BFCEC /* Release */,
			);
			defaultConfigurationIsVisible = 0;
			defaultConfigurationName = Release;
		};
/* End XCConfigurationList section */

/* Begin XCVersionGroup section */
		B5FDBD731CDD2E94005BFCEC /* ReceipeBrowser.xcdatamodeld */ = {
			isa = XCVersionGroup;
			children = (
				B5FDBD741CDD2E94005BFCEC /* ReceipeBrowser.xcdatamodel */,
			);
			currentVersion = B5FDBD741CDD2E94005BFCEC /* ReceipeBrowser.xcdatamodel */;
			path = ReceipeBrowser.xcdatamodeld;
			sourceTree = "<group>";
			versionGroupType = wrapper.xcdatamodel;
		};
/* End XCVersionGroup section */
	};
	rootObject = B5FDBD661CDD2E94005BFCEC /* Project object */;
}
